PODS:
  - CICKit (0.0.3.4):
    - SDWebImage
  - SDWebImage (5.0.0):
    - SDWebImage/Core (= 5.0.0)
  - SDWebImage/Core (5.0.0)

DEPENDENCIES:
  - CICKit (~> 0.0.3.4)

SPEC REPOS:
  https://github.com/cocoapods/specs.git:
    - CICKit
    - SDWebImage

SPEC CHECKSUMS:
  CICKit: f4321c3a0fcea8fcae16751d42357f85492cb324
  SDWebImage: 5de80a0302de9e377e62f47d2fa1304efff0e55f

PODFILE CHECKSUM: eb64808b838c58f5fd640d891d684111a6d4c457

COCOAPODS: 1.7.0.beta.3
