PODS:
  - CICKit (0.0.3.2):
    - SDWebImage (~> 5.0)
  - SDWebImage (5.0.0):
    - SDWebImage/Core (= 5.0.0)
  - SDWebImage/Core (5.0.0)

DEPENDENCIES:
  - CICKit (from `../CICKit`)

SPEC REPOS:
  https://github.com/cocoapods/specs.git:
    - SDWebImage

EXTERNAL SOURCES:
  CICKit:
    :path: "../CICKit"

SPEC CHECKSUMS:
  CICKit: dab2e85567d29f18387a7182e8e85eda2df9e41b
  SDWebImage: 5de80a0302de9e377e62f47d2fa1304efff0e55f

PODFILE CHECKSUM: 93425ea27d9714574d7510577ac516366266697b

COCOAPODS: 1.7.0.beta.3
