// !$*UTF8*$!
{
	archiveVersion = 1;
	classes = {
	};
	objectVersion = 46;
	objects = {

/* Begin PBXBuildFile section */
		1C50F252225C342D00D5748B /* CICBaseViewController.m in Sources */ = {isa = PBXBuildFile; fileRef = 1C50F251225C342D00D5748B /* CICBaseViewController.m */; };
		1C50F255225C346400D5748B /* CICFirstViewController.m in Sources */ = {isa = PBXBuildFile; fileRef = 1C50F254225C346400D5748B /* CICFirstViewController.m */; };
		1C50F258225C349F00D5748B /* CICSecondViewController.m in Sources */ = {isa = PBXBuildFile; fileRef = 1C50F257225C349F00D5748B /* CICSecondViewController.m */; };
		1C50F25B225C34AC00D5748B /* CICThirdViewController.m in Sources */ = {isa = PBXBuildFile; fileRef = 1C50F25A225C34AC00D5748B /* CICThirdViewController.m */; };
		1C7B1DF7225F435200D9DAF9 /* CIComponentKitDemoTests.m in Sources */ = {isa = PBXBuildFile; fileRef = 1C7B1DF6225F435200D9DAF9 /* CIComponentKitDemoTests.m */; };
		657429BA1520DCAC1A885082 /* libPods-CIComponentKitDemo.a in Frameworks */ = {isa = PBXBuildFile; fileRef = 2BE95A704574501D825E119C /* libPods-CIComponentKitDemo.a */; };
		B02F30A61F6FDDC100EE3947 /* CICDemoViewController.m in Sources */ = {isa = PBXBuildFile; fileRef = B02F30A51F6FDDC100EE3947 /* CICDemoViewController.m */; };
		C629E22023673A6D0095849F /* CICButtonDemoViewController.m in Sources */ = {isa = PBXBuildFile; fileRef = C629E21F23673A6D0095849F /* CICButtonDemoViewController.m */; };
		C629E22323673A850095849F /* CICLabelDemoViewController.m in Sources */ = {isa = PBXBuildFile; fileRef = C629E22223673A850095849F /* CICLabelDemoViewController.m */; };
		C64C85BB1F68307300F9ED60 /* CICAppDelegate.m in Sources */ = {isa = PBXBuildFile; fileRef = C64C85BA1F68307300F9ED60 /* CICAppDelegate.m */; };
		C64C85C01F68321F00F9ED60 /* Assets.xcassets in Resources */ = {isa = PBXBuildFile; fileRef = C64C85BD1F68321F00F9ED60 /* Assets.xcassets */; };
		C64C85C21F68321F00F9ED60 /* main.m in Sources */ = {isa = PBXBuildFile; fileRef = C64C85BF1F68321F00F9ED60 /* main.m */; };
		C64C85C51F6832A300F9ED60 /* CICRootViewController.m in Sources */ = {isa = PBXBuildFile; fileRef = C64C85C41F6832A300F9ED60 /* CICRootViewController.m */; };
		C64C85C71F6832E700F9ED60 /* Default-568h@2x.png in Resources */ = {isa = PBXBuildFile; fileRef = C64C85C61F6832E700F9ED60 /* Default-568h@2x.png */; };
/* End PBXBuildFile section */

/* Begin PBXContainerItemProxy section */
		1C7B1DF9225F435200D9DAF9 /* PBXContainerItemProxy */ = {
			isa = PBXContainerItemProxy;
			containerPortal = C64C858A1F68300A00F9ED60 /* Project object */;
			proxyType = 1;
			remoteGlobalIDString = C64C85A11F68303B00F9ED60;
			remoteInfo = CIComponentKitDemo;
		};
/* End PBXContainerItemProxy section */

/* Begin PBXCopyFilesBuildPhase section */
		B06474671F68435F0009A826 /* Copy Files */ = {
			isa = PBXCopyFilesBuildPhase;
			buildActionMask = 2147483647;
			dstPath = "";
			dstSubfolderSpec = 10;
			files = (
			);
			name = "Copy Files";
			runOnlyForDeploymentPostprocessing = 0;
		};
/* End PBXCopyFilesBuildPhase section */

/* Begin PBXFileReference section */
		1C50F250225C342D00D5748B /* CICBaseViewController.h */ = {isa = PBXFileReference; lastKnownFileType = sourcecode.c.h; path = CICBaseViewController.h; sourceTree = "<group>"; };
		1C50F251225C342D00D5748B /* CICBaseViewController.m */ = {isa = PBXFileReference; lastKnownFileType = sourcecode.c.objc; path = CICBaseViewController.m; sourceTree = "<group>"; };
		1C50F253225C346400D5748B /* CICFirstViewController.h */ = {isa = PBXFileReference; lastKnownFileType = sourcecode.c.h; path = CICFirstViewController.h; sourceTree = "<group>"; };
		1C50F254225C346400D5748B /* CICFirstViewController.m */ = {isa = PBXFileReference; lastKnownFileType = sourcecode.c.objc; path = CICFirstViewController.m; sourceTree = "<group>"; };
		1C50F256225C349F00D5748B /* CICSecondViewController.h */ = {isa = PBXFileReference; lastKnownFileType = sourcecode.c.h; path = CICSecondViewController.h; sourceTree = "<group>"; };
		1C50F257225C349F00D5748B /* CICSecondViewController.m */ = {isa = PBXFileReference; lastKnownFileType = sourcecode.c.objc; path = CICSecondViewController.m; sourceTree = "<group>"; };
		1C50F259225C34AC00D5748B /* CICThirdViewController.h */ = {isa = PBXFileReference; lastKnownFileType = sourcecode.c.h; path = CICThirdViewController.h; sourceTree = "<group>"; };
		1C50F25A225C34AC00D5748B /* CICThirdViewController.m */ = {isa = PBXFileReference; lastKnownFileType = sourcecode.c.objc; path = CICThirdViewController.m; sourceTree = "<group>"; };
		1C7B1DF4225F435200D9DAF9 /* CIComponentKitDemoTests.xctest */ = {isa = PBXFileReference; explicitFileType = wrapper.cfbundle; includeInIndex = 0; path = CIComponentKitDemoTests.xctest; sourceTree = BUILT_PRODUCTS_DIR; };
		1C7B1DF6225F435200D9DAF9 /* CIComponentKitDemoTests.m */ = {isa = PBXFileReference; lastKnownFileType = sourcecode.c.objc; path = CIComponentKitDemoTests.m; sourceTree = "<group>"; };
		1C7B1DF8225F435200D9DAF9 /* Info.plist */ = {isa = PBXFileReference; lastKnownFileType = text.plist.xml; path = Info.plist; sourceTree = "<group>"; };
		26F0DE3DE9306E194FC57AE9 /* libPods-CIComponentKit.a */ = {isa = PBXFileReference; explicitFileType = archive.ar; includeInIndex = 0; path = "libPods-CIComponentKit.a"; sourceTree = BUILT_PRODUCTS_DIR; };
		2BE95A704574501D825E119C /* libPods-CIComponentKitDemo.a */ = {isa = PBXFileReference; explicitFileType = archive.ar; includeInIndex = 0; path = "libPods-CIComponentKitDemo.a"; sourceTree = BUILT_PRODUCTS_DIR; };
		5FC06026A0D4155186ACCCA3 /* Pods-CIComponentKitDemo.release.xcconfig */ = {isa = PBXFileReference; includeInIndex = 1; lastKnownFileType = text.xcconfig; name = "Pods-CIComponentKitDemo.release.xcconfig"; path = "Target Support Files/Pods-CIComponentKitDemo/Pods-CIComponentKitDemo.release.xcconfig"; sourceTree = "<group>"; };
		7934B378314D14B35A1815F5 /* Pods-CIComponentKitDemo.debug.xcconfig */ = {isa = PBXFileReference; includeInIndex = 1; lastKnownFileType = text.xcconfig; name = "Pods-CIComponentKitDemo.debug.xcconfig"; path = "Target Support Files/Pods-CIComponentKitDemo/Pods-CIComponentKitDemo.debug.xcconfig"; sourceTree = "<group>"; };
		B02F30A41F6FDDC100EE3947 /* CICDemoViewController.h */ = {isa = PBXFileReference; lastKnownFileType = sourcecode.c.h; path = CICDemoViewController.h; sourceTree = "<group>"; };
		B02F30A51F6FDDC100EE3947 /* CICDemoViewController.m */ = {isa = PBXFileReference; lastKnownFileType = sourcecode.c.objc; path = CICDemoViewController.m; sourceTree = "<group>"; };
		C629E21E23673A6D0095849F /* CICButtonDemoViewController.h */ = {isa = PBXFileReference; lastKnownFileType = sourcecode.c.h; path = CICButtonDemoViewController.h; sourceTree = "<group>"; };
		C629E21F23673A6D0095849F /* CICButtonDemoViewController.m */ = {isa = PBXFileReference; lastKnownFileType = sourcecode.c.objc; path = CICButtonDemoViewController.m; sourceTree = "<group>"; };
		C629E22123673A850095849F /* CICLabelDemoViewController.h */ = {isa = PBXFileReference; lastKnownFileType = sourcecode.c.h; path = CICLabelDemoViewController.h; sourceTree = "<group>"; };
		C629E22223673A850095849F /* CICLabelDemoViewController.m */ = {isa = PBXFileReference; lastKnownFileType = sourcecode.c.objc; path = CICLabelDemoViewController.m; sourceTree = "<group>"; };
		C64C85A21F68303B00F9ED60 /* CIComponentKitDemo.app */ = {isa = PBXFileReference; explicitFileType = wrapper.application; includeInIndex = 0; path = CIComponentKitDemo.app; sourceTree = BUILT_PRODUCTS_DIR; };
		C64C85B91F68307300F9ED60 /* CICAppDelegate.h */ = {isa = PBXFileReference; fileEncoding = 4; lastKnownFileType = sourcecode.c.h; path = CICAppDelegate.h; sourceTree = "<group>"; };
		C64C85BA1F68307300F9ED60 /* CICAppDelegate.m */ = {isa = PBXFileReference; fileEncoding = 4; lastKnownFileType = sourcecode.c.objc; path = CICAppDelegate.m; sourceTree = "<group>"; };
		C64C85BD1F68321F00F9ED60 /* Assets.xcassets */ = {isa = PBXFileReference; lastKnownFileType = folder.assetcatalog; path = Assets.xcassets; sourceTree = "<group>"; };
		C64C85BE1F68321F00F9ED60 /* Info.plist */ = {isa = PBXFileReference; fileEncoding = 4; lastKnownFileType = text.plist.xml; path = Info.plist; sourceTree = "<group>"; };
		C64C85BF1F68321F00F9ED60 /* main.m */ = {isa = PBXFileReference; fileEncoding = 4; lastKnownFileType = sourcecode.c.objc; path = main.m; sourceTree = "<group>"; };
		C64C85C31F6832A300F9ED60 /* CICRootViewController.h */ = {isa = PBXFileReference; fileEncoding = 4; lastKnownFileType = sourcecode.c.h; path = CICRootViewController.h; sourceTree = "<group>"; };
		C64C85C41F6832A300F9ED60 /* CICRootViewController.m */ = {isa = PBXFileReference; fileEncoding = 4; lastKnownFileType = sourcecode.c.objc; path = CICRootViewController.m; sourceTree = "<group>"; };
		C64C85C61F6832E700F9ED60 /* Default-568h@2x.png */ = {isa = PBXFileReference; lastKnownFileType = image.png; path = "Default-568h@2x.png"; sourceTree = "<group>"; };
		C64C85C91F6834BE00F9ED60 /* Info.plist */ = {isa = PBXFileReference; fileEncoding = 4; lastKnownFileType = text.plist.xml; path = Info.plist; sourceTree = "<group>"; };
/* End PBXFileReference section */

/* Begin PBXFrameworksBuildPhase section */
		1C7B1DF1225F435200D9DAF9 /* Frameworks */ = {
			isa = PBXFrameworksBuildPhase;
			buildActionMask = 2147483647;
			files = (
			);
			runOnlyForDeploymentPostprocessing = 0;
		};
		C64C859F1F68303B00F9ED60 /* Frameworks */ = {
			isa = PBXFrameworksBuildPhase;
			buildActionMask = 2147483647;
			files = (
				657429BA1520DCAC1A885082 /* libPods-CIComponentKitDemo.a in Frameworks */,
			);
			runOnlyForDeploymentPostprocessing = 0;
		};
/* End PBXFrameworksBuildPhase section */

/* Begin PBXGroup section */
		1C50F25C225C34C200D5748B /* TabbarControllerDemo */ = {
			isa = PBXGroup;
			children = (
				1C50F253225C346400D5748B /* CICFirstViewController.h */,
				1C50F254225C346400D5748B /* CICFirstViewController.m */,
				1C50F256225C349F00D5748B /* CICSecondViewController.h */,
				1C50F257225C349F00D5748B /* CICSecondViewController.m */,
				1C50F259225C34AC00D5748B /* CICThirdViewController.h */,
				1C50F25A225C34AC00D5748B /* CICThirdViewController.m */,
			);
			path = TabbarControllerDemo;
			sourceTree = "<group>";
		};
		1C7B1DF5225F435200D9DAF9 /* CIComponentKitDemoTests */ = {
			isa = PBXGroup;
			children = (
				1C7B1DF6225F435200D9DAF9 /* CIComponentKitDemoTests.m */,
				1C7B1DF8225F435200D9DAF9 /* Info.plist */,
			);
			path = CIComponentKitDemoTests;
			sourceTree = "<group>";
		};
		5F3106DC27AC902E3ABA1936 /* Frameworks */ = {
			isa = PBXGroup;
			children = (
				26F0DE3DE9306E194FC57AE9 /* libPods-CIComponentKit.a */,
				2BE95A704574501D825E119C /* libPods-CIComponentKitDemo.a */,
			);
			name = Frameworks;
			sourceTree = "<group>";
		};
		7768958D39EC18B803803A6A /* Pods */ = {
			isa = PBXGroup;
			children = (
				7934B378314D14B35A1815F5 /* Pods-CIComponentKitDemo.debug.xcconfig */,
				5FC06026A0D4155186ACCCA3 /* Pods-CIComponentKitDemo.release.xcconfig */,
			);
			path = Pods;
			sourceTree = "<group>";
		};
		C629E21B23673A3E0095849F /* CICCustomViewDemo */ = {
			isa = PBXGroup;
			children = (
				C629E21C23673A3E0095849F /* CICButton */,
				C629E21D23673A3E0095849F /* CICLabel */,
			);
			path = CICCustomViewDemo;
			sourceTree = "<group>";
		};
		C629E21C23673A3E0095849F /* CICButton */ = {
			isa = PBXGroup;
			children = (
				C629E21E23673A6D0095849F /* CICButtonDemoViewController.h */,
				C629E21F23673A6D0095849F /* CICButtonDemoViewController.m */,
			);
			path = CICButton;
			sourceTree = "<group>";
		};
		C629E21D23673A3E0095849F /* CICLabel */ = {
			isa = PBXGroup;
			children = (
				C629E22123673A850095849F /* CICLabelDemoViewController.h */,
				C629E22223673A850095849F /* CICLabelDemoViewController.m */,
			);
			path = CICLabel;
			sourceTree = "<group>";
		};
		C64C85891F68300A00F9ED60 = {
			isa = PBXGroup;
			children = (
				C64C85C61F6832E700F9ED60 /* Default-568h@2x.png */,
				C64C85A31F68303B00F9ED60 /* CIComponentKitDemo */,
				C64C85C81F6834BE00F9ED60 /* Supporting Files */,
				1C7B1DF5225F435200D9DAF9 /* CIComponentKitDemoTests */,
				C64C85941F68300A00F9ED60 /* Products */,
				7768958D39EC18B803803A6A /* Pods */,
				5F3106DC27AC902E3ABA1936 /* Frameworks */,
			);
			sourceTree = "<group>";
		};
		C64C85941F68300A00F9ED60 /* Products */ = {
			isa = PBXGroup;
			children = (
				C64C85A21F68303B00F9ED60 /* CIComponentKitDemo.app */,
				1C7B1DF4225F435200D9DAF9 /* CIComponentKitDemoTests.xctest */,
			);
			name = Products;
			sourceTree = "<group>";
		};
		C64C85A31F68303B00F9ED60 /* CIComponentKitDemo */ = {
			isa = PBXGroup;
			children = (
				C64C85C31F6832A300F9ED60 /* CICRootViewController.h */,
				C64C85C41F6832A300F9ED60 /* CICRootViewController.m */,
				B02F30A41F6FDDC100EE3947 /* CICDemoViewController.h */,
				B02F30A51F6FDDC100EE3947 /* CICDemoViewController.m */,
				1C50F250225C342D00D5748B /* CICBaseViewController.h */,
				1C50F251225C342D00D5748B /* CICBaseViewController.m */,
				C629E21B23673A3E0095849F /* CICCustomViewDemo */,
				1C50F25C225C34C200D5748B /* TabbarControllerDemo */,
				C64C85BC1F68321F00F9ED60 /* Supporting Files */,
			);
			path = CIComponentKitDemo;
			sourceTree = "<group>";
		};
		C64C85BC1F68321F00F9ED60 /* Supporting Files */ = {
			isa = PBXGroup;
			children = (
				C64C85B91F68307300F9ED60 /* CICAppDelegate.h */,
				C64C85BA1F68307300F9ED60 /* CICAppDelegate.m */,
				C64C85BD1F68321F00F9ED60 /* Assets.xcassets */,
				C64C85BE1F68321F00F9ED60 /* Info.plist */,
				C64C85BF1F68321F00F9ED60 /* main.m */,
			);
			path = "Supporting Files";
			sourceTree = "<group>";
		};
		C64C85C81F6834BE00F9ED60 /* Supporting Files */ = {
			isa = PBXGroup;
			children = (
				C64C85C91F6834BE00F9ED60 /* Info.plist */,
			);
			path = "Supporting Files";
			sourceTree = "<group>";
		};
/* End PBXGroup section */

/* Begin PBXNativeTarget section */
		1C7B1DF3225F435200D9DAF9 /* CIComponentKitDemoTests */ = {
			isa = PBXNativeTarget;
			buildConfigurationList = 1C7B1DFD225F435200D9DAF9 /* Build configuration list for PBXNativeTarget "CIComponentKitDemoTests" */;
			buildPhases = (
				1C7B1DF0225F435200D9DAF9 /* Sources */,
				1C7B1DF1225F435200D9DAF9 /* Frameworks */,
				1C7B1DF2225F435200D9DAF9 /* Resources */,
			);
			buildRules = (
			);
			dependencies = (
				1C7B1DFA225F435200D9DAF9 /* PBXTargetDependency */,
			);
			name = CIComponentKitDemoTests;
			productName = CIComponentKitDemoTests;
			productReference = 1C7B1DF4225F435200D9DAF9 /* CIComponentKitDemoTests.xctest */;
			productType = "com.apple.product-type.bundle.unit-test";
		};
		C64C85A11F68303B00F9ED60 /* CIComponentKitDemo */ = {
			isa = PBXNativeTarget;
			buildConfigurationList = C64C85B61F68303B00F9ED60 /* Build configuration list for PBXNativeTarget "CIComponentKitDemo" */;
			buildPhases = (
				D1664A2EFD1FBFFEE4A3005E /* [CP] Check Pods Manifest.lock */,
				C64C859E1F68303B00F9ED60 /* Sources */,
				C64C859F1F68303B00F9ED60 /* Frameworks */,
				C64C85A01F68303B00F9ED60 /* Resources */,
				B06474671F68435F0009A826 /* Copy Files */,
				D4221DF43832BC1C331886F4 /* [CP] Copy Pods Resources */,
			);
			buildRules = (
			);
			dependencies = (
			);
			name = CIComponentKitDemo;
			productName = CIComponentKitDemo;
			productReference = C64C85A21F68303B00F9ED60 /* CIComponentKitDemo.app */;
			productType = "com.apple.product-type.application";
		};
/* End PBXNativeTarget section */

/* Begin PBXProject section */
		C64C858A1F68300A00F9ED60 /* Project object */ = {
			isa = PBXProject;
			attributes = {
				CLASSPREFIX = CIC;
				DefaultBuildSystemTypeForWorkspace = Original;
				LastUpgradeCheck = 1020;
				ORGANIZATIONNAME = codeinventor;
				TargetAttributes = {
					1C7B1DF3225F435200D9DAF9 = {
						CreatedOnToolsVersion = 10.2;
						ProvisioningStyle = Automatic;
						TestTargetID = C64C85A11F68303B00F9ED60;
					};
					C64C85A11F68303B00F9ED60 = {
						CreatedOnToolsVersion = 8.3.3;
						DevelopmentTeam = HG9956UVH9;
						ProvisioningStyle = Automatic;
					};
				};
			};
			buildConfigurationList = C64C858D1F68300A00F9ED60 /* Build configuration list for PBXProject "CIComponentKit" */;
			compatibilityVersion = "Xcode 3.2";
			developmentRegion = en;
			hasScannedForEncodings = 0;
			knownRegions = (
				en,
				Base,
			);
			mainGroup = C64C85891F68300A00F9ED60;
			productRefGroup = C64C85941F68300A00F9ED60 /* Products */;
			projectDirPath = "";
			projectRoot = "";
			targets = (
				C64C85A11F68303B00F9ED60 /* CIComponentKitDemo */,
				1C7B1DF3225F435200D9DAF9 /* CIComponentKitDemoTests */,
			);
		};
/* End PBXProject section */

/* Begin PBXResourcesBuildPhase section */
		1C7B1DF2225F435200D9DAF9 /* Resources */ = {
			isa = PBXResourcesBuildPhase;
			buildActionMask = 2147483647;
			files = (
			);
			runOnlyForDeploymentPostprocessing = 0;
		};
		C64C85A01F68303B00F9ED60 /* Resources */ = {
			isa = PBXResourcesBuildPhase;
			buildActionMask = 2147483647;
			files = (
				C64C85C01F68321F00F9ED60 /* Assets.xcassets in Resources */,
				C64C85C71F6832E700F9ED60 /* Default-568h@2x.png in Resources */,
			);
			runOnlyForDeploymentPostprocessing = 0;
		};
/* End PBXResourcesBuildPhase section */

/* Begin PBXShellScriptBuildPhase section */
		D1664A2EFD1FBFFEE4A3005E /* [CP] Check Pods Manifest.lock */ = {
			isa = PBXShellScriptBuildPhase;
			buildActionMask = 2147483647;
			files = (
			);
			inputFileListPaths = (
			);
			inputPaths = (
				"${PODS_PODFILE_DIR_PATH}/Podfile.lock",
				"${PODS_ROOT}/Manifest.lock",
			);
			name = "[CP] Check Pods Manifest.lock";
			outputFileListPaths = (
			);
			outputPaths = (
				"$(DERIVED_FILE_DIR)/Pods-CIComponentKitDemo-checkManifestLockResult.txt",
			);
			runOnlyForDeploymentPostprocessing = 0;
			shellPath = /bin/sh;
			shellScript = "diff \"${PODS_PODFILE_DIR_PATH}/Podfile.lock\" \"${PODS_ROOT}/Manifest.lock\" > /dev/null\nif [ $? != 0 ] ; then\n    # print error to STDERR\n    echo \"error: The sandbox is not in sync with the Podfile.lock. Run 'pod install' or update your CocoaPods installation.\" >&2\n    exit 1\nfi\n# This output is used by Xcode 'outputs' to avoid re-running this script phase.\necho \"SUCCESS\" > \"${SCRIPT_OUTPUT_FILE_0}\"\n";
			showEnvVarsInLog = 0;
		};
		D4221DF43832BC1C331886F4 /* [CP] Copy Pods Resources */ = {
			isa = PBXShellScriptBuildPhase;
			buildActionMask = 2147483647;
			files = (
			);
			inputPaths = (
				"${PODS_ROOT}/Target Support Files/Pods-CIComponentKitDemo/Pods-CIComponentKitDemo-resources.sh",
				"${PODS_CONFIGURATION_BUILD_DIR}/CICKit/CIComponentKit.bundle",
			);
			name = "[CP] Copy Pods Resources";
			outputPaths = (
				"${TARGET_BUILD_DIR}/${UNLOCALIZED_RESOURCES_FOLDER_PATH}/CIComponentKit.bundle",
			);
			runOnlyForDeploymentPostprocessing = 0;
			shellPath = /bin/sh;
			shellScript = "\"${PODS_ROOT}/Target Support Files/Pods-CIComponentKitDemo/Pods-CIComponentKitDemo-resources.sh\"\n";
			showEnvVarsInLog = 0;
		};
/* End PBXShellScriptBuildPhase section */

/* Begin PBXSourcesBuildPhase section */
		1C7B1DF0225F435200D9DAF9 /* Sources */ = {
			isa = PBXSourcesBuildPhase;
			buildActionMask = 2147483647;
			files = (
				1C7B1DF7225F435200D9DAF9 /* CIComponentKitDemoTests.m in Sources */,
			);
			runOnlyForDeploymentPostprocessing = 0;
		};
		C64C859E1F68303B00F9ED60 /* Sources */ = {
			isa = PBXSourcesBuildPhase;
			buildActionMask = 2147483647;
			files = (
				C64C85C51F6832A300F9ED60 /* CICRootViewController.m in Sources */,
				1C50F258225C349F00D5748B /* CICSecondViewController.m in Sources */,
				B02F30A61F6FDDC100EE3947 /* CICDemoViewController.m in Sources */,
				C64C85C21F68321F00F9ED60 /* main.m in Sources */,
				1C50F25B225C34AC00D5748B /* CICThirdViewController.m in Sources */,
				C629E22323673A850095849F /* CICLabelDemoViewController.m in Sources */,
				1C50F252225C342D00D5748B /* CICBaseViewController.m in Sources */,
				C64C85BB1F68307300F9ED60 /* CICAppDelegate.m in Sources */,
				1C50F255225C346400D5748B /* CICFirstViewController.m in Sources */,
				C629E22023673A6D0095849F /* CICButtonDemoViewController.m in Sources */,
			);
			runOnlyForDeploymentPostprocessing = 0;
		};
/* End PBXSourcesBuildPhase section */

/* Begin PBXTargetDependency section */
		1C7B1DFA225F435200D9DAF9 /* PBXTargetDependency */ = {
			isa = PBXTargetDependency;
			target = C64C85A11F68303B00F9ED60 /* CIComponentKitDemo */;
			targetProxy = 1C7B1DF9225F435200D9DAF9 /* PBXContainerItemProxy */;
		};
/* End PBXTargetDependency section */

/* Begin XCBuildConfiguration section */
		1C7B1DFB225F435200D9DAF9 /* Debug */ = {
			isa = XCBuildConfiguration;
			buildSettings = {
				BUNDLE_LOADER = "$(TEST_HOST)";
				CLANG_CXX_LANGUAGE_STANDARD = "gnu++14";
				CLANG_ENABLE_OBJC_WEAK = YES;
				CLANG_WARN_UNGUARDED_AVAILABILITY = YES_AGGRESSIVE;
				CODE_SIGN_IDENTITY = "iPhone Developer";
				CODE_SIGN_STYLE = Automatic;
				GCC_C_LANGUAGE_STANDARD = gnu11;
				INFOPLIST_FILE = CIComponentKitDemoTests/Info.plist;
				IPHONEOS_DEPLOYMENT_TARGET = 12.2;
				LD_RUNPATH_SEARCH_PATHS = "$(inherited) @executable_path/Frameworks @loader_path/Frameworks";
				MTL_ENABLE_DEBUG_INFO = INCLUDE_SOURCE;
				MTL_FAST_MATH = YES;
				PRODUCT_BUNDLE_IDENTIFIER = club.codeinventor.CIComponentKitDemoTests;
				PRODUCT_NAME = "$(TARGET_NAME)";
				TARGETED_DEVICE_FAMILY = "1,2";
				TEST_HOST = "$(BUILT_PRODUCTS_DIR)/CIComponentKitDemo.app/CIComponentKitDemo";
			};
			name = Debug;
		};
		1C7B1DFC225F435200D9DAF9 /* Release */ = {
			isa = XCBuildConfiguration;
			buildSettings = {
				BUNDLE_LOADER = "$(TEST_HOST)";
				CLANG_CXX_LANGUAGE_STANDARD = "gnu++14";
				CLANG_ENABLE_OBJC_WEAK = YES;
				CLANG_WARN_UNGUARDED_AVAILABILITY = YES_AGGRESSIVE;
				CODE_SIGN_IDENTITY = "iPhone Developer";
				CODE_SIGN_STYLE = Automatic;
				GCC_C_LANGUAGE_STANDARD = gnu11;
				INFOPLIST_FILE = CIComponentKitDemoTests/Info.plist;
				IPHONEOS_DEPLOYMENT_TARGET = 12.2;
				LD_RUNPATH_SEARCH_PATHS = "$(inherited) @executable_path/Frameworks @loader_path/Frameworks";
				MTL_FAST_MATH = YES;
				PRODUCT_BUNDLE_IDENTIFIER = club.codeinventor.CIComponentKitDemoTests;
				PRODUCT_NAME = "$(TARGET_NAME)";
				TARGETED_DEVICE_FAMILY = "1,2";
				TEST_HOST = "$(BUILT_PRODUCTS_DIR)/CIComponentKitDemo.app/CIComponentKitDemo";
			};
			name = Release;
		};
		C64C85991F68300A00F9ED60 /* Debug */ = {
			isa = XCBuildConfiguration;
			buildSettings = {
				ALWAYS_SEARCH_USER_PATHS = NO;
				CLANG_ANALYZER_LOCALIZABILITY_NONLOCALIZED = YES;
				CLANG_ANALYZER_NONNULL = YES;
				CLANG_ANALYZER_NUMBER_OBJECT_CONVERSION = YES_AGGRESSIVE;
				CLANG_CXX_LANGUAGE_STANDARD = "gnu++0x";
				CLANG_CXX_LIBRARY = "libc++";
				CLANG_ENABLE_MODULES = YES;
				CLANG_ENABLE_OBJC_ARC = YES;
				CLANG_WARN_BLOCK_CAPTURE_AUTORELEASING = YES;
				CLANG_WARN_BOOL_CONVERSION = YES;
				CLANG_WARN_COMMA = YES;
				CLANG_WARN_CONSTANT_CONVERSION = YES;
				CLANG_WARN_DEPRECATED_OBJC_IMPLEMENTATIONS = YES;
				CLANG_WARN_DIRECT_OBJC_ISA_USAGE = YES_ERROR;
				CLANG_WARN_DOCUMENTATION_COMMENTS = YES;
				CLANG_WARN_EMPTY_BODY = YES;
				CLANG_WARN_ENUM_CONVERSION = YES;
				CLANG_WARN_INFINITE_RECURSION = YES;
				CLANG_WARN_INT_CONVERSION = YES;
				CLANG_WARN_NON_LITERAL_NULL_CONVERSION = YES;
				CLANG_WARN_OBJC_IMPLICIT_RETAIN_SELF = YES;
				CLANG_WARN_OBJC_LITERAL_CONVERSION = YES;
				CLANG_WARN_OBJC_ROOT_CLASS = YES_ERROR;
				CLANG_WARN_RANGE_LOOP_ANALYSIS = YES;
				CLANG_WARN_STRICT_PROTOTYPES = YES;
				CLANG_WARN_SUSPICIOUS_MOVE = YES;
				CLANG_WARN_UNREACHABLE_CODE = YES;
				CLANG_WARN__DUPLICATE_METHOD_MATCH = YES;
				"CODE_SIGN_IDENTITY[sdk=iphoneos*]" = "iPhone Developer";
				COPY_PHASE_STRIP = NO;
				CURRENT_PROJECT_VERSION = 1;
				DEBUG_INFORMATION_FORMAT = dwarf;
				ENABLE_STRICT_OBJC_MSGSEND = YES;
				ENABLE_TESTABILITY = YES;
				GCC_C_LANGUAGE_STANDARD = gnu99;
				GCC_DYNAMIC_NO_PIC = NO;
				GCC_NO_COMMON_BLOCKS = YES;
				GCC_OPTIMIZATION_LEVEL = 0;
				GCC_PREPROCESSOR_DEFINITIONS = (
					"DEBUG=1",
					"$(inherited)",
				);
				GCC_WARN_64_TO_32_BIT_CONVERSION = YES;
				GCC_WARN_ABOUT_RETURN_TYPE = YES_ERROR;
				GCC_WARN_UNDECLARED_SELECTOR = YES;
				GCC_WARN_UNINITIALIZED_AUTOS = YES_AGGRESSIVE;
				GCC_WARN_UNUSED_FUNCTION = YES;
				GCC_WARN_UNUSED_VARIABLE = YES;
				IPHONEOS_DEPLOYMENT_TARGET = 8.0;
				MTL_ENABLE_DEBUG_INFO = YES;
				ONLY_ACTIVE_ARCH = YES;
				PODS_ROOT = "";
				SDKROOT = iphoneos;
				TARGETED_DEVICE_FAMILY = "1,2";
				VERSIONING_SYSTEM = "apple-generic";
				VERSION_INFO_PREFIX = "";
			};
			name = Debug;
		};
		C64C859A1F68300A00F9ED60 /* Release */ = {
			isa = XCBuildConfiguration;
			buildSettings = {
				ALWAYS_SEARCH_USER_PATHS = NO;
				CLANG_ANALYZER_LOCALIZABILITY_NONLOCALIZED = YES;
				CLANG_ANALYZER_NONNULL = YES;
				CLANG_ANALYZER_NUMBER_OBJECT_CONVERSION = YES_AGGRESSIVE;
				CLANG_CXX_LANGUAGE_STANDARD = "gnu++0x";
				CLANG_CXX_LIBRARY = "libc++";
				CLANG_ENABLE_MODULES = YES;
				CLANG_ENABLE_OBJC_ARC = YES;
				CLANG_WARN_BLOCK_CAPTURE_AUTORELEASING = YES;
				CLANG_WARN_BOOL_CONVERSION = YES;
				CLANG_WARN_COMMA = YES;
				CLANG_WARN_CONSTANT_CONVERSION = YES;
				CLANG_WARN_DEPRECATED_OBJC_IMPLEMENTATIONS = YES;
				CLANG_WARN_DIRECT_OBJC_ISA_USAGE = YES_ERROR;
				CLANG_WARN_DOCUMENTATION_COMMENTS = YES;
				CLANG_WARN_EMPTY_BODY = YES;
				CLANG_WARN_ENUM_CONVERSION = YES;
				CLANG_WARN_INFINITE_RECURSION = YES;
				CLANG_WARN_INT_CONVERSION = YES;
				CLANG_WARN_NON_LITERAL_NULL_CONVERSION = YES;
				CLANG_WARN_OBJC_IMPLICIT_RETAIN_SELF = YES;
				CLANG_WARN_OBJC_LITERAL_CONVERSION = YES;
				CLANG_WARN_OBJC_ROOT_CLASS = YES_ERROR;
				CLANG_WARN_RANGE_LOOP_ANALYSIS = YES;
				CLANG_WARN_STRICT_PROTOTYPES = YES;
				CLANG_WARN_SUSPICIOUS_MOVE = YES;
				CLANG_WARN_UNREACHABLE_CODE = YES;
				CLANG_WARN__DUPLICATE_METHOD_MATCH = YES;
				"CODE_SIGN_IDENTITY[sdk=iphoneos*]" = "iPhone Developer";
				COPY_PHASE_STRIP = NO;
				CURRENT_PROJECT_VERSION = 1;
				DEBUG_INFORMATION_FORMAT = "dwarf-with-dsym";
				ENABLE_NS_ASSERTIONS = NO;
				ENABLE_STRICT_OBJC_MSGSEND = YES;
				GCC_C_LANGUAGE_STANDARD = gnu99;
				GCC_NO_COMMON_BLOCKS = YES;
				GCC_WARN_64_TO_32_BIT_CONVERSION = YES;
				GCC_WARN_ABOUT_RETURN_TYPE = YES_ERROR;
				GCC_WARN_UNDECLARED_SELECTOR = YES;
				GCC_WARN_UNINITIALIZED_AUTOS = YES_AGGRESSIVE;
				GCC_WARN_UNUSED_FUNCTION = YES;
				GCC_WARN_UNUSED_VARIABLE = YES;
				IPHONEOS_DEPLOYMENT_TARGET = 8.0;
				MTL_ENABLE_DEBUG_INFO = NO;
				PODS_ROOT = "";
				SDKROOT = iphoneos;
				TARGETED_DEVICE_FAMILY = "1,2";
				VALIDATE_PRODUCT = YES;
				VERSIONING_SYSTEM = "apple-generic";
				VERSION_INFO_PREFIX = "";
			};
			name = Release;
		};
		C64C85B71F68303B00F9ED60 /* Debug */ = {
			isa = XCBuildConfiguration;
			baseConfigurationReference = 7934B378314D14B35A1815F5 /* Pods-CIComponentKitDemo.debug.xcconfig */;
			buildSettings = {
				ASSETCATALOG_COMPILER_APPICON_NAME = AppIcon;
				ASSETCATALOG_COMPILER_LAUNCHIMAGE_NAME = LaunchImage;
				DEVELOPMENT_TEAM = HG9956UVH9;
				GCC_PRECOMPILE_PREFIX_HEADER = NO;
				GCC_PREFIX_HEADER = "";
				INFOPLIST_FILE = "$(SRCROOT)/CIComponentKitDemo/Supporting Files/Info.plist";
				IPHONEOS_DEPLOYMENT_TARGET = 8.0;
				LD_RUNPATH_SEARCH_PATHS = "$(inherited) @executable_path/Frameworks";
				PRODUCT_BUNDLE_IDENTIFIER = club.codeinventor.CIComponentKitDemoapp;
				PRODUCT_NAME = "$(TARGET_NAME)";
			};
			name = Debug;
		};
		C64C85B81F68303B00F9ED60 /* Release */ = {
			isa = XCBuildConfiguration;
			baseConfigurationReference = 5FC06026A0D4155186ACCCA3 /* Pods-CIComponentKitDemo.release.xcconfig */;
			buildSettings = {
				ASSETCATALOG_COMPILER_APPICON_NAME = AppIcon;
				ASSETCATALOG_COMPILER_LAUNCHIMAGE_NAME = LaunchImage;
				DEVELOPMENT_TEAM = HG9956UVH9;
				GCC_PRECOMPILE_PREFIX_HEADER = NO;
				GCC_PREFIX_HEADER = "";
				INFOPLIST_FILE = "$(SRCROOT)/CIComponentKitDemo/Supporting Files/Info.plist";
				IPHONEOS_DEPLOYMENT_TARGET = 8.0;
				LD_RUNPATH_SEARCH_PATHS = "$(inherited) @executable_path/Frameworks";
				PRODUCT_BUNDLE_IDENTIFIER = club.codeinventor.CIComponentKitDemoapp;
				PRODUCT_NAME = "$(TARGET_NAME)";
			};
			name = Release;
		};
/* End XCBuildConfiguration section */

/* Begin XCConfigurationList section */
		1C7B1DFD225F435200D9DAF9 /* Build configuration list for PBXNativeTarget "CIComponentKitDemoTests" */ = {
			isa = XCConfigurationList;
			buildConfigurations = (
				1C7B1DFB225F435200D9DAF9 /* Debug */,
				1C7B1DFC225F435200D9DAF9 /* Release */,
			);
			defaultConfigurationIsVisible = 0;
			defaultConfigurationName = Release;
		};
		C64C858D1F68300A00F9ED60 /* Build configuration list for PBXProject "CIComponentKit" */ = {
			isa = XCConfigurationList;
			buildConfigurations = (
				C64C85991F68300A00F9ED60 /* Debug */,
				C64C859A1F68300A00F9ED60 /* Release */,
			);
			defaultConfigurationIsVisible = 0;
			defaultConfigurationName = Release;
		};
		C64C85B61F68303B00F9ED60 /* Build configuration list for PBXNativeTarget "CIComponentKitDemo" */ = {
			isa = XCConfigurationList;
			buildConfigurations = (
				C64C85B71F68303B00F9ED60 /* Debug */,
				C64C85B81F68303B00F9ED60 /* Release */,
			);
			defaultConfigurationIsVisible = 0;
			defaultConfigurationName = Release;
		};
/* End XCConfigurationList section */
	};
	rootObject = C64C858A1F68300A00F9ED60 /* Project object */;
}
