// !$*UTF8*$!
{
	archiveVersion = 1;
	classes = {
	};
	objectVersion = 46;
	objects = {

/* Begin PBXBuildFile section */
		B06474681F68436B0009A826 /* CIComponentKit.framework in CopyFiles */ = {isa = PBXBuildFile; fileRef = C64C85931F68300A00F9ED60 /* CIComponentKit.framework */; settings = {ATTRIBUTES = (CodeSignOnCopy, RemoveHeadersOnCopy, ); }; };
		C64C85981F68300A00F9ED60 /* CIComponentKit.h in Headers */ = {isa = PBXBuildFile; fileRef = C64C85961F68300A00F9ED60 /* CIComponentKit.h */; settings = {ATTRIBUTES = (Public, ); }; };
		C64C85BB1F68307300F9ED60 /* CICAppDelegate.m in Sources */ = {isa = PBXBuildFile; fileRef = C64C85BA1F68307300F9ED60 /* CICAppDelegate.m */; };
		C64C85C01F68321F00F9ED60 /* Assets.xcassets in Resources */ = {isa = PBXBuildFile; fileRef = C64C85BD1F68321F00F9ED60 /* Assets.xcassets */; };
		C64C85C21F68321F00F9ED60 /* main.m in Sources */ = {isa = PBXBuildFile; fileRef = C64C85BF1F68321F00F9ED60 /* main.m */; };
		C64C85C51F6832A300F9ED60 /* CICRootViewController.m in Sources */ = {isa = PBXBuildFile; fileRef = C64C85C41F6832A300F9ED60 /* CICRootViewController.m */; };
		C64C85C71F6832E700F9ED60 /* Default-568h@2x.png in Resources */ = {isa = PBXBuildFile; fileRef = C64C85C61F6832E700F9ED60 /* Default-568h@2x.png */; };
		C64C85CA1F6834BE00F9ED60 /* Info.plist in Resources */ = {isa = PBXBuildFile; fileRef = C64C85C91F6834BE00F9ED60 /* Info.plist */; };
		C64C85E01F6838C800F9ED60 /* CICConstructorConstants.h in Headers */ = {isa = PBXBuildFile; fileRef = C64C85DF1F6838C800F9ED60 /* CICConstructorConstants.h */; };
		C64C85E21F6838D800F9ED60 /* CICFontConstants.h in Headers */ = {isa = PBXBuildFile; fileRef = C64C85E11F6838D800F9ED60 /* CICFontConstants.h */; };
		C64C85EC1F68394000F9ED60 /* CICColorConstants.h in Headers */ = {isa = PBXBuildFile; fileRef = C64C85EB1F68394000F9ED60 /* CICColorConstants.h */; };
		C64C85EE1F68396C00F9ED60 /* CICSizeConstants.h in Headers */ = {isa = PBXBuildFile; fileRef = C64C85ED1F68396C00F9ED60 /* CICSizeConstants.h */; };
		C64C85F41F683FDF00F9ED60 /* UIView+CICConstructor.h in Headers */ = {isa = PBXBuildFile; fileRef = C64C85F21F683FDF00F9ED60 /* UIView+CICConstructor.h */; };
		C64C85F51F683FDF00F9ED60 /* UIView+CICConstructor.m in Sources */ = {isa = PBXBuildFile; fileRef = C64C85F31F683FDF00F9ED60 /* UIView+CICConstructor.m */; };
		C64C85F91F68404900F9ED60 /* CICustomImageTitleButton.h in Headers */ = {isa = PBXBuildFile; fileRef = C64C85F71F68404900F9ED60 /* CICustomImageTitleButton.h */; };
		C64C85FA1F68404900F9ED60 /* CICustomImageTitleButton.m in Sources */ = {isa = PBXBuildFile; fileRef = C64C85F81F68404900F9ED60 /* CICustomImageTitleButton.m */; };
		C64C85FD1F6840F500F9ED60 /* UIButton+CIBasicMethods.h in Headers */ = {isa = PBXBuildFile; fileRef = C64C85FB1F6840F500F9ED60 /* UIButton+CIBasicMethods.h */; };
		C64C85FE1F6840F500F9ED60 /* UIButton+CIBasicMethods.m in Sources */ = {isa = PBXBuildFile; fileRef = C64C85FC1F6840F500F9ED60 /* UIButton+CIBasicMethods.m */; };
		C64C86011F68411100F9ED60 /* UIImageView+CIBasicMethods.h in Headers */ = {isa = PBXBuildFile; fileRef = C64C85FF1F68411100F9ED60 /* UIImageView+CIBasicMethods.h */; };
		C64C86021F68411100F9ED60 /* UIImageView+CIBasicMethods.m in Sources */ = {isa = PBXBuildFile; fileRef = C64C86001F68411100F9ED60 /* UIImageView+CIBasicMethods.m */; };
		C64C86071F68412700F9ED60 /* UILabel+CIBasicMethods.h in Headers */ = {isa = PBXBuildFile; fileRef = C64C86031F68412700F9ED60 /* UILabel+CIBasicMethods.h */; };
		C64C86081F68412700F9ED60 /* UILabel+CIBasicMethods.m in Sources */ = {isa = PBXBuildFile; fileRef = C64C86041F68412700F9ED60 /* UILabel+CIBasicMethods.m */; };
		C64C86091F68412700F9ED60 /* UILabel+CIText.h in Headers */ = {isa = PBXBuildFile; fileRef = C64C86051F68412700F9ED60 /* UILabel+CIText.h */; };
		C64C860A1F68412700F9ED60 /* UILabel+CIText.m in Sources */ = {isa = PBXBuildFile; fileRef = C64C86061F68412700F9ED60 /* UILabel+CIText.m */; };
/* End PBXBuildFile section */

/* Begin PBXContainerItemProxy section */
		B06474651F6843530009A826 /* PBXContainerItemProxy */ = {
			isa = PBXContainerItemProxy;
			containerPortal = C64C858A1F68300A00F9ED60 /* Project object */;
			proxyType = 1;
			remoteGlobalIDString = C64C85921F68300A00F9ED60;
			remoteInfo = CIComponentKit;
		};
/* End PBXContainerItemProxy section */

/* Begin PBXCopyFilesBuildPhase section */
		B06474671F68435F0009A826 /* CopyFiles */ = {
			isa = PBXCopyFilesBuildPhase;
			buildActionMask = 2147483647;
			dstPath = "";
			dstSubfolderSpec = 10;
			files = (
				B06474681F68436B0009A826 /* CIComponentKit.framework in CopyFiles */,
			);
			runOnlyForDeploymentPostprocessing = 0;
		};
/* End PBXCopyFilesBuildPhase section */

/* Begin PBXFileReference section */
		C64C85931F68300A00F9ED60 /* CIComponentKit.framework */ = {isa = PBXFileReference; explicitFileType = wrapper.framework; includeInIndex = 0; path = CIComponentKit.framework; sourceTree = BUILT_PRODUCTS_DIR; };
		C64C85961F68300A00F9ED60 /* CIComponentKit.h */ = {isa = PBXFileReference; lastKnownFileType = sourcecode.c.h; path = CIComponentKit.h; sourceTree = "<group>"; };
		C64C85A21F68303B00F9ED60 /* CIComponentKitDemo.app */ = {isa = PBXFileReference; explicitFileType = wrapper.application; includeInIndex = 0; path = CIComponentKitDemo.app; sourceTree = BUILT_PRODUCTS_DIR; };
		C64C85B91F68307300F9ED60 /* CICAppDelegate.h */ = {isa = PBXFileReference; fileEncoding = 4; lastKnownFileType = sourcecode.c.h; path = CICAppDelegate.h; sourceTree = "<group>"; };
		C64C85BA1F68307300F9ED60 /* CICAppDelegate.m */ = {isa = PBXFileReference; fileEncoding = 4; lastKnownFileType = sourcecode.c.objc; path = CICAppDelegate.m; sourceTree = "<group>"; };
		C64C85BD1F68321F00F9ED60 /* Assets.xcassets */ = {isa = PBXFileReference; lastKnownFileType = folder.assetcatalog; path = Assets.xcassets; sourceTree = "<group>"; };
		C64C85BE1F68321F00F9ED60 /* Info.plist */ = {isa = PBXFileReference; fileEncoding = 4; lastKnownFileType = text.plist.xml; path = Info.plist; sourceTree = "<group>"; };
		C64C85BF1F68321F00F9ED60 /* main.m */ = {isa = PBXFileReference; fileEncoding = 4; lastKnownFileType = sourcecode.c.objc; path = main.m; sourceTree = "<group>"; };
		C64C85C31F6832A300F9ED60 /* CICRootViewController.h */ = {isa = PBXFileReference; fileEncoding = 4; lastKnownFileType = sourcecode.c.h; path = CICRootViewController.h; sourceTree = "<group>"; };
		C64C85C41F6832A300F9ED60 /* CICRootViewController.m */ = {isa = PBXFileReference; fileEncoding = 4; lastKnownFileType = sourcecode.c.objc; path = CICRootViewController.m; sourceTree = "<group>"; };
		C64C85C61F6832E700F9ED60 /* Default-568h@2x.png */ = {isa = PBXFileReference; lastKnownFileType = image.png; path = "Default-568h@2x.png"; sourceTree = "<group>"; };
		C64C85C91F6834BE00F9ED60 /* Info.plist */ = {isa = PBXFileReference; fileEncoding = 4; lastKnownFileType = text.plist.xml; path = Info.plist; sourceTree = "<group>"; };
		C64C85DF1F6838C800F9ED60 /* CICConstructorConstants.h */ = {isa = PBXFileReference; fileEncoding = 4; lastKnownFileType = sourcecode.c.h; path = CICConstructorConstants.h; sourceTree = "<group>"; };
		C64C85E11F6838D800F9ED60 /* CICFontConstants.h */ = {isa = PBXFileReference; fileEncoding = 4; lastKnownFileType = sourcecode.c.h; path = CICFontConstants.h; sourceTree = "<group>"; };
		C64C85EB1F68394000F9ED60 /* CICColorConstants.h */ = {isa = PBXFileReference; fileEncoding = 4; lastKnownFileType = sourcecode.c.h; path = CICColorConstants.h; sourceTree = "<group>"; };
		C64C85ED1F68396C00F9ED60 /* CICSizeConstants.h */ = {isa = PBXFileReference; fileEncoding = 4; lastKnownFileType = sourcecode.c.h; path = CICSizeConstants.h; sourceTree = "<group>"; };
		C64C85F21F683FDF00F9ED60 /* UIView+CICConstructor.h */ = {isa = PBXFileReference; fileEncoding = 4; lastKnownFileType = sourcecode.c.h; path = "UIView+CICConstructor.h"; sourceTree = "<group>"; };
		C64C85F31F683FDF00F9ED60 /* UIView+CICConstructor.m */ = {isa = PBXFileReference; fileEncoding = 4; lastKnownFileType = sourcecode.c.objc; path = "UIView+CICConstructor.m"; sourceTree = "<group>"; };
		C64C85F71F68404900F9ED60 /* CICustomImageTitleButton.h */ = {isa = PBXFileReference; fileEncoding = 4; lastKnownFileType = sourcecode.c.h; path = CICustomImageTitleButton.h; sourceTree = "<group>"; };
		C64C85F81F68404900F9ED60 /* CICustomImageTitleButton.m */ = {isa = PBXFileReference; fileEncoding = 4; lastKnownFileType = sourcecode.c.objc; path = CICustomImageTitleButton.m; sourceTree = "<group>"; };
		C64C85FB1F6840F500F9ED60 /* UIButton+CIBasicMethods.h */ = {isa = PBXFileReference; fileEncoding = 4; lastKnownFileType = sourcecode.c.h; path = "UIButton+CIBasicMethods.h"; sourceTree = "<group>"; };
		C64C85FC1F6840F500F9ED60 /* UIButton+CIBasicMethods.m */ = {isa = PBXFileReference; fileEncoding = 4; lastKnownFileType = sourcecode.c.objc; path = "UIButton+CIBasicMethods.m"; sourceTree = "<group>"; };
		C64C85FF1F68411100F9ED60 /* UIImageView+CIBasicMethods.h */ = {isa = PBXFileReference; fileEncoding = 4; lastKnownFileType = sourcecode.c.h; path = "UIImageView+CIBasicMethods.h"; sourceTree = "<group>"; };
		C64C86001F68411100F9ED60 /* UIImageView+CIBasicMethods.m */ = {isa = PBXFileReference; fileEncoding = 4; lastKnownFileType = sourcecode.c.objc; path = "UIImageView+CIBasicMethods.m"; sourceTree = "<group>"; };
		C64C86031F68412700F9ED60 /* UILabel+CIBasicMethods.h */ = {isa = PBXFileReference; fileEncoding = 4; lastKnownFileType = sourcecode.c.h; path = "UILabel+CIBasicMethods.h"; sourceTree = "<group>"; };
		C64C86041F68412700F9ED60 /* UILabel+CIBasicMethods.m */ = {isa = PBXFileReference; fileEncoding = 4; lastKnownFileType = sourcecode.c.objc; path = "UILabel+CIBasicMethods.m"; sourceTree = "<group>"; };
		C64C86051F68412700F9ED60 /* UILabel+CIText.h */ = {isa = PBXFileReference; fileEncoding = 4; lastKnownFileType = sourcecode.c.h; path = "UILabel+CIText.h"; sourceTree = "<group>"; };
		C64C86061F68412700F9ED60 /* UILabel+CIText.m */ = {isa = PBXFileReference; fileEncoding = 4; lastKnownFileType = sourcecode.c.objc; path = "UILabel+CIText.m"; sourceTree = "<group>"; };
/* End PBXFileReference section */

/* Begin PBXFrameworksBuildPhase section */
		C64C858F1F68300A00F9ED60 /* Frameworks */ = {
			isa = PBXFrameworksBuildPhase;
			buildActionMask = 2147483647;
			files = (
			);
			runOnlyForDeploymentPostprocessing = 0;
		};
		C64C859F1F68303B00F9ED60 /* Frameworks */ = {
			isa = PBXFrameworksBuildPhase;
			buildActionMask = 2147483647;
			files = (
			);
			runOnlyForDeploymentPostprocessing = 0;
		};
/* End PBXFrameworksBuildPhase section */

/* Begin PBXGroup section */
		C64C85891F68300A00F9ED60 = {
			isa = PBXGroup;
			children = (
				C64C85C61F6832E700F9ED60 /* Default-568h@2x.png */,
				C64C85951F68300A00F9ED60 /* CIComponentKit */,
				C64C85A31F68303B00F9ED60 /* CIComponentKitDemo */,
				C64C85C81F6834BE00F9ED60 /* Supporting Files */,
				C64C85941F68300A00F9ED60 /* Products */,
			);
			sourceTree = "<group>";
		};
		C64C85941F68300A00F9ED60 /* Products */ = {
			isa = PBXGroup;
			children = (
				C64C85931F68300A00F9ED60 /* CIComponentKit.framework */,
				C64C85A21F68303B00F9ED60 /* CIComponentKitDemo.app */,
			);
			name = Products;
			sourceTree = "<group>";
		};
		C64C85951F68300A00F9ED60 /* CIComponentKit */ = {
			isa = PBXGroup;
			children = (
				C64C85D01F68386800F9ED60 /* CICCategories */,
				C64C85D61F68386800F9ED60 /* CICConstants */,
				C64C85DD1F68386800F9ED60 /* CICCustomViews */,
				C64C85961F68300A00F9ED60 /* CIComponentKit.h */,
			);
			path = CIComponentKit;
			sourceTree = "<group>";
		};
		C64C85A31F68303B00F9ED60 /* CIComponentKitDemo */ = {
			isa = PBXGroup;
			children = (
				C64C85B91F68307300F9ED60 /* CICAppDelegate.h */,
				C64C85BA1F68307300F9ED60 /* CICAppDelegate.m */,
				C64C85C31F6832A300F9ED60 /* CICRootViewController.h */,
				C64C85C41F6832A300F9ED60 /* CICRootViewController.m */,
				C64C85BC1F68321F00F9ED60 /* Supporting Files */,
			);
			path = CIComponentKitDemo;
			sourceTree = "<group>";
		};
		C64C85BC1F68321F00F9ED60 /* Supporting Files */ = {
			isa = PBXGroup;
			children = (
				C64C85BD1F68321F00F9ED60 /* Assets.xcassets */,
				C64C85BE1F68321F00F9ED60 /* Info.plist */,
				C64C85BF1F68321F00F9ED60 /* main.m */,
			);
			path = "Supporting Files";
			sourceTree = "<group>";
		};
		C64C85C81F6834BE00F9ED60 /* Supporting Files */ = {
			isa = PBXGroup;
			children = (
				C64C85C91F6834BE00F9ED60 /* Info.plist */,
			);
			path = "Supporting Files";
			sourceTree = "<group>";
		};
		C64C85D01F68386800F9ED60 /* CICCategories */ = {
			isa = PBXGroup;
			children = (
				C64C85D11F68386800F9ED60 /* UIButton */,
				C64C85D21F68386800F9ED60 /* UIColor */,
				C64C85D31F68386800F9ED60 /* UIImageView */,
				C64C85D41F68386800F9ED60 /* UILabel */,
				C64C85D51F68386800F9ED60 /* UIView */,
			);
			path = CICCategories;
			sourceTree = "<group>";
		};
		C64C85D11F68386800F9ED60 /* UIButton */ = {
			isa = PBXGroup;
			children = (
				C64C85FB1F6840F500F9ED60 /* UIButton+CIBasicMethods.h */,
				C64C85FC1F6840F500F9ED60 /* UIButton+CIBasicMethods.m */,
			);
			path = UIButton;
			sourceTree = "<group>";
		};
		C64C85D21F68386800F9ED60 /* UIColor */ = {
			isa = PBXGroup;
			children = (
			);
			path = UIColor;
			sourceTree = "<group>";
		};
		C64C85D31F68386800F9ED60 /* UIImageView */ = {
			isa = PBXGroup;
			children = (
				C64C85FF1F68411100F9ED60 /* UIImageView+CIBasicMethods.h */,
				C64C86001F68411100F9ED60 /* UIImageView+CIBasicMethods.m */,
			);
			path = UIImageView;
			sourceTree = "<group>";
		};
		C64C85D41F68386800F9ED60 /* UILabel */ = {
			isa = PBXGroup;
			children = (
				C64C86031F68412700F9ED60 /* UILabel+CIBasicMethods.h */,
				C64C86041F68412700F9ED60 /* UILabel+CIBasicMethods.m */,
				C64C86051F68412700F9ED60 /* UILabel+CIText.h */,
				C64C86061F68412700F9ED60 /* UILabel+CIText.m */,
			);
			path = UILabel;
			sourceTree = "<group>";
		};
		C64C85D51F68386800F9ED60 /* UIView */ = {
			isa = PBXGroup;
			children = (
				C64C85F21F683FDF00F9ED60 /* UIView+CICConstructor.h */,
				C64C85F31F683FDF00F9ED60 /* UIView+CICConstructor.m */,
			);
			path = UIView;
			sourceTree = "<group>";
		};
		C64C85D61F68386800F9ED60 /* CICConstants */ = {
			isa = PBXGroup;
			children = (
				C64C85DF1F6838C800F9ED60 /* CICConstructorConstants.h */,
				C64C85E11F6838D800F9ED60 /* CICFontConstants.h */,
				C64C85EB1F68394000F9ED60 /* CICColorConstants.h */,
				C64C85ED1F68396C00F9ED60 /* CICSizeConstants.h */,
			);
			path = CICConstants;
			sourceTree = "<group>";
		};
		C64C85DD1F68386800F9ED60 /* CICCustomViews */ = {
			isa = PBXGroup;
			children = (
				C64C85F61F68404900F9ED60 /* UIButton */,
			);
			path = CICCustomViews;
			sourceTree = "<group>";
		};
		C64C85F61F68404900F9ED60 /* UIButton */ = {
			isa = PBXGroup;
			children = (
				C64C85F71F68404900F9ED60 /* CICustomImageTitleButton.h */,
				C64C85F81F68404900F9ED60 /* CICustomImageTitleButton.m */,
			);
			path = UIButton;
			sourceTree = "<group>";
		};
/* End PBXGroup section */

/* Begin PBXHeadersBuildPhase section */
		C64C85901F68300A00F9ED60 /* Headers */ = {
			isa = PBXHeadersBuildPhase;
			buildActionMask = 2147483647;
			files = (
				C64C86091F68412700F9ED60 /* UILabel+CIText.h in Headers */,
				C64C85F41F683FDF00F9ED60 /* UIView+CICConstructor.h in Headers */,
				C64C85E21F6838D800F9ED60 /* CICFontConstants.h in Headers */,
				C64C85EE1F68396C00F9ED60 /* CICSizeConstants.h in Headers */,
				C64C85981F68300A00F9ED60 /* CIComponentKit.h in Headers */,
				C64C85EC1F68394000F9ED60 /* CICColorConstants.h in Headers */,
				C64C86011F68411100F9ED60 /* UIImageView+CIBasicMethods.h in Headers */,
				C64C85E01F6838C800F9ED60 /* CICConstructorConstants.h in Headers */,
				C64C85FD1F6840F500F9ED60 /* UIButton+CIBasicMethods.h in Headers */,
				C64C85F91F68404900F9ED60 /* CICustomImageTitleButton.h in Headers */,
				C64C86071F68412700F9ED60 /* UILabel+CIBasicMethods.h in Headers */,
			);
			runOnlyForDeploymentPostprocessing = 0;
		};
/* End PBXHeadersBuildPhase section */

/* Begin PBXNativeTarget section */
		C64C85921F68300A00F9ED60 /* CIComponentKit */ = {
			isa = PBXNativeTarget;
			buildConfigurationList = C64C859B1F68300A00F9ED60 /* Build configuration list for PBXNativeTarget "CIComponentKit" */;
			buildPhases = (
				C64C858E1F68300A00F9ED60 /* Sources */,
				C64C858F1F68300A00F9ED60 /* Frameworks */,
				C64C85901F68300A00F9ED60 /* Headers */,
				C64C85911F68300A00F9ED60 /* Resources */,
			);
			buildRules = (
			);
			dependencies = (
			);
			name = CIComponentKit;
			productName = CIComponentKit;
			productReference = C64C85931F68300A00F9ED60 /* CIComponentKit.framework */;
			productType = "com.apple.product-type.framework";
		};
		C64C85A11F68303B00F9ED60 /* CIComponentKitDemo */ = {
			isa = PBXNativeTarget;
			buildConfigurationList = C64C85B61F68303B00F9ED60 /* Build configuration list for PBXNativeTarget "CIComponentKitDemo" */;
			buildPhases = (
				C64C859E1F68303B00F9ED60 /* Sources */,
				C64C859F1F68303B00F9ED60 /* Frameworks */,
				C64C85A01F68303B00F9ED60 /* Resources */,
				B06474671F68435F0009A826 /* CopyFiles */,
			);
			buildRules = (
			);
			dependencies = (
				B06474661F6843530009A826 /* PBXTargetDependency */,
			);
			name = CIComponentKitDemo;
			productName = CIComponentKitDemo;
			productReference = C64C85A21F68303B00F9ED60 /* CIComponentKitDemo.app */;
			productType = "com.apple.product-type.application";
		};
/* End PBXNativeTarget section */

/* Begin PBXProject section */
		C64C858A1F68300A00F9ED60 /* Project object */ = {
			isa = PBXProject;
			attributes = {
				CLASSPREFIX = CIC;
				LastUpgradeCheck = 0830;
				ORGANIZATIONNAME = codeinventor;
				TargetAttributes = {
					C64C85921F68300A00F9ED60 = {
						CreatedOnToolsVersion = 8.3.3;
						ProvisioningStyle = Automatic;
					};
					C64C85A11F68303B00F9ED60 = {
						CreatedOnToolsVersion = 8.3.3;
						ProvisioningStyle = Automatic;
					};
				};
			};
			buildConfigurationList = C64C858D1F68300A00F9ED60 /* Build configuration list for PBXProject "CIComponentKit" */;
			compatibilityVersion = "Xcode 3.2";
			developmentRegion = English;
			hasScannedForEncodings = 0;
			knownRegions = (
				en,
				Base,
			);
			mainGroup = C64C85891F68300A00F9ED60;
			productRefGroup = C64C85941F68300A00F9ED60 /* Products */;
			projectDirPath = "";
			projectRoot = "";
			targets = (
				C64C85921F68300A00F9ED60 /* CIComponentKit */,
				C64C85A11F68303B00F9ED60 /* CIComponentKitDemo */,
			);
		};
/* End PBXProject section */

/* Begin PBXResourcesBuildPhase section */
		C64C85911F68300A00F9ED60 /* Resources */ = {
			isa = PBXResourcesBuildPhase;
			buildActionMask = 2147483647;
			files = (
			);
			runOnlyForDeploymentPostprocessing = 0;
		};
		C64C85A01F68303B00F9ED60 /* Resources */ = {
			isa = PBXResourcesBuildPhase;
			buildActionMask = 2147483647;
			files = (
				C64C85C01F68321F00F9ED60 /* Assets.xcassets in Resources */,
				C64C85C71F6832E700F9ED60 /* Default-568h@2x.png in Resources */,
				C64C85CA1F6834BE00F9ED60 /* Info.plist in Resources */,
			);
			runOnlyForDeploymentPostprocessing = 0;
		};
/* End PBXResourcesBuildPhase section */

/* Begin PBXSourcesBuildPhase section */
		C64C858E1F68300A00F9ED60 /* Sources */ = {
			isa = PBXSourcesBuildPhase;
			buildActionMask = 2147483647;
			files = (
				C64C86021F68411100F9ED60 /* UIImageView+CIBasicMethods.m in Sources */,
				C64C85FE1F6840F500F9ED60 /* UIButton+CIBasicMethods.m in Sources */,
				C64C85F51F683FDF00F9ED60 /* UIView+CICConstructor.m in Sources */,
				C64C860A1F68412700F9ED60 /* UILabel+CIText.m in Sources */,
				C64C85FA1F68404900F9ED60 /* CICustomImageTitleButton.m in Sources */,
				C64C86081F68412700F9ED60 /* UILabel+CIBasicMethods.m in Sources */,
			);
			runOnlyForDeploymentPostprocessing = 0;
		};
		C64C859E1F68303B00F9ED60 /* Sources */ = {
			isa = PBXSourcesBuildPhase;
			buildActionMask = 2147483647;
			files = (
				C64C85C51F6832A300F9ED60 /* CICRootViewController.m in Sources */,
				C64C85C21F68321F00F9ED60 /* main.m in Sources */,
				C64C85BB1F68307300F9ED60 /* CICAppDelegate.m in Sources */,
			);
			runOnlyForDeploymentPostprocessing = 0;
		};
/* End PBXSourcesBuildPhase section */

/* Begin PBXTargetDependency section */
		B06474661F6843530009A826 /* PBXTargetDependency */ = {
			isa = PBXTargetDependency;
			target = C64C85921F68300A00F9ED60 /* CIComponentKit */;
			targetProxy = B06474651F6843530009A826 /* PBXContainerItemProxy */;
		};
/* End PBXTargetDependency section */

/* Begin XCBuildConfiguration section */
		C64C85991F68300A00F9ED60 /* Debug */ = {
			isa = XCBuildConfiguration;
			buildSettings = {
				ALWAYS_SEARCH_USER_PATHS = NO;
				CLANG_ANALYZER_NONNULL = YES;
				CLANG_ANALYZER_NUMBER_OBJECT_CONVERSION = YES_AGGRESSIVE;
				CLANG_CXX_LANGUAGE_STANDARD = "gnu++0x";
				CLANG_CXX_LIBRARY = "libc++";
				CLANG_ENABLE_MODULES = YES;
				CLANG_ENABLE_OBJC_ARC = YES;
				CLANG_WARN_BOOL_CONVERSION = YES;
				CLANG_WARN_CONSTANT_CONVERSION = YES;
				CLANG_WARN_DIRECT_OBJC_ISA_USAGE = YES_ERROR;
				CLANG_WARN_DOCUMENTATION_COMMENTS = YES;
				CLANG_WARN_EMPTY_BODY = YES;
				CLANG_WARN_ENUM_CONVERSION = YES;
				CLANG_WARN_INFINITE_RECURSION = YES;
				CLANG_WARN_INT_CONVERSION = YES;
				CLANG_WARN_OBJC_ROOT_CLASS = YES_ERROR;
				CLANG_WARN_SUSPICIOUS_MOVE = YES;
				CLANG_WARN_UNREACHABLE_CODE = YES;
				CLANG_WARN__DUPLICATE_METHOD_MATCH = YES;
				"CODE_SIGN_IDENTITY[sdk=iphoneos*]" = "iPhone Developer";
				COPY_PHASE_STRIP = NO;
				CURRENT_PROJECT_VERSION = 1;
				DEBUG_INFORMATION_FORMAT = dwarf;
				ENABLE_STRICT_OBJC_MSGSEND = YES;
				ENABLE_TESTABILITY = YES;
				GCC_C_LANGUAGE_STANDARD = gnu99;
				GCC_DYNAMIC_NO_PIC = NO;
				GCC_NO_COMMON_BLOCKS = YES;
				GCC_OPTIMIZATION_LEVEL = 0;
				GCC_PREPROCESSOR_DEFINITIONS = (
					"DEBUG=1",
					"$(inherited)",
				);
				GCC_WARN_64_TO_32_BIT_CONVERSION = YES;
				GCC_WARN_ABOUT_RETURN_TYPE = YES_ERROR;
				GCC_WARN_UNDECLARED_SELECTOR = YES;
				GCC_WARN_UNINITIALIZED_AUTOS = YES_AGGRESSIVE;
				GCC_WARN_UNUSED_FUNCTION = YES;
				GCC_WARN_UNUSED_VARIABLE = YES;
				IPHONEOS_DEPLOYMENT_TARGET = 10.3;
				MTL_ENABLE_DEBUG_INFO = YES;
				ONLY_ACTIVE_ARCH = YES;
				SDKROOT = iphoneos;
				TARGETED_DEVICE_FAMILY = "1,2";
				VERSIONING_SYSTEM = "apple-generic";
				VERSION_INFO_PREFIX = "";
			};
			name = Debug;
		};
		C64C859A1F68300A00F9ED60 /* Release */ = {
			isa = XCBuildConfiguration;
			buildSettings = {
				ALWAYS_SEARCH_USER_PATHS = NO;
				CLANG_ANALYZER_NONNULL = YES;
				CLANG_ANALYZER_NUMBER_OBJECT_CONVERSION = YES_AGGRESSIVE;
				CLANG_CXX_LANGUAGE_STANDARD = "gnu++0x";
				CLANG_CXX_LIBRARY = "libc++";
				CLANG_ENABLE_MODULES = YES;
				CLANG_ENABLE_OBJC_ARC = YES;
				CLANG_WARN_BOOL_CONVERSION = YES;
				CLANG_WARN_CONSTANT_CONVERSION = YES;
				CLANG_WARN_DIRECT_OBJC_ISA_USAGE = YES_ERROR;
				CLANG_WARN_DOCUMENTATION_COMMENTS = YES;
				CLANG_WARN_EMPTY_BODY = YES;
				CLANG_WARN_ENUM_CONVERSION = YES;
				CLANG_WARN_INFINITE_RECURSION = YES;
				CLANG_WARN_INT_CONVERSION = YES;
				CLANG_WARN_OBJC_ROOT_CLASS = YES_ERROR;
				CLANG_WARN_SUSPICIOUS_MOVE = YES;
				CLANG_WARN_UNREACHABLE_CODE = YES;
				CLANG_WARN__DUPLICATE_METHOD_MATCH = YES;
				"CODE_SIGN_IDENTITY[sdk=iphoneos*]" = "iPhone Developer";
				COPY_PHASE_STRIP = NO;
				CURRENT_PROJECT_VERSION = 1;
				DEBUG_INFORMATION_FORMAT = "dwarf-with-dsym";
				ENABLE_NS_ASSERTIONS = NO;
				ENABLE_STRICT_OBJC_MSGSEND = YES;
				GCC_C_LANGUAGE_STANDARD = gnu99;
				GCC_NO_COMMON_BLOCKS = YES;
				GCC_WARN_64_TO_32_BIT_CONVERSION = YES;
				GCC_WARN_ABOUT_RETURN_TYPE = YES_ERROR;
				GCC_WARN_UNDECLARED_SELECTOR = YES;
				GCC_WARN_UNINITIALIZED_AUTOS = YES_AGGRESSIVE;
				GCC_WARN_UNUSED_FUNCTION = YES;
				GCC_WARN_UNUSED_VARIABLE = YES;
				IPHONEOS_DEPLOYMENT_TARGET = 10.3;
				MTL_ENABLE_DEBUG_INFO = NO;
				SDKROOT = iphoneos;
				TARGETED_DEVICE_FAMILY = "1,2";
				VALIDATE_PRODUCT = YES;
				VERSIONING_SYSTEM = "apple-generic";
				VERSION_INFO_PREFIX = "";
			};
			name = Release;
		};
		C64C859C1F68300A00F9ED60 /* Debug */ = {
			isa = XCBuildConfiguration;
			buildSettings = {
				CODE_SIGN_IDENTITY = "";
				DEFINES_MODULE = YES;
				DYLIB_COMPATIBILITY_VERSION = 1;
				DYLIB_CURRENT_VERSION = 1;
				DYLIB_INSTALL_NAME_BASE = "@rpath";
				INFOPLIST_FILE = "$(SRCROOT)/Supporting Files/Info.plist";
				INSTALL_PATH = "$(LOCAL_LIBRARY_DIR)/Frameworks";
				LD_RUNPATH_SEARCH_PATHS = "$(inherited) @executable_path/Frameworks @loader_path/Frameworks";
				PRODUCT_BUNDLE_IDENTIFIER = club.codeinventor.CIComponentKit;
				PRODUCT_NAME = "$(TARGET_NAME)";
				SKIP_INSTALL = YES;
			};
			name = Debug;
		};
		C64C859D1F68300A00F9ED60 /* Release */ = {
			isa = XCBuildConfiguration;
			buildSettings = {
				CODE_SIGN_IDENTITY = "";
				DEFINES_MODULE = YES;
				DYLIB_COMPATIBILITY_VERSION = 1;
				DYLIB_CURRENT_VERSION = 1;
				DYLIB_INSTALL_NAME_BASE = "@rpath";
				INFOPLIST_FILE = "$(SRCROOT)/Supporting Files/Info.plist";
				INSTALL_PATH = "$(LOCAL_LIBRARY_DIR)/Frameworks";
				LD_RUNPATH_SEARCH_PATHS = "$(inherited) @executable_path/Frameworks @loader_path/Frameworks";
				PRODUCT_BUNDLE_IDENTIFIER = club.codeinventor.CIComponentKit;
				PRODUCT_NAME = "$(TARGET_NAME)";
				SKIP_INSTALL = YES;
			};
			name = Release;
		};
		C64C85B71F68303B00F9ED60 /* Debug */ = {
			isa = XCBuildConfiguration;
			buildSettings = {
				ASSETCATALOG_COMPILER_APPICON_NAME = AppIcon;
				INFOPLIST_FILE = "$(SRCROOT)/CIComponentKitDemo/Supporting Files/Info.plist";
				LD_RUNPATH_SEARCH_PATHS = "$(inherited) @executable_path/Frameworks";
				PRODUCT_BUNDLE_IDENTIFIER = club.codeinventor.CIComponentKitDemo;
				PRODUCT_NAME = "$(TARGET_NAME)";
			};
			name = Debug;
		};
		C64C85B81F68303B00F9ED60 /* Release */ = {
			isa = XCBuildConfiguration;
			buildSettings = {
				ASSETCATALOG_COMPILER_APPICON_NAME = AppIcon;
				INFOPLIST_FILE = "$(SRCROOT)/CIComponentKitDemo/Supporting Files/Info.plist";
				LD_RUNPATH_SEARCH_PATHS = "$(inherited) @executable_path/Frameworks";
				PRODUCT_BUNDLE_IDENTIFIER = club.codeinventor.CIComponentKitDemo;
				PRODUCT_NAME = "$(TARGET_NAME)";
			};
			name = Release;
		};
/* End XCBuildConfiguration section */

/* Begin XCConfigurationList section */
		C64C858D1F68300A00F9ED60 /* Build configuration list for PBXProject "CIComponentKit" */ = {
			isa = XCConfigurationList;
			buildConfigurations = (
				C64C85991F68300A00F9ED60 /* Debug */,
				C64C859A1F68300A00F9ED60 /* Release */,
			);
			defaultConfigurationIsVisible = 0;
			defaultConfigurationName = Release;
		};
		C64C859B1F68300A00F9ED60 /* Build configuration list for PBXNativeTarget "CIComponentKit" */ = {
			isa = XCConfigurationList;
			buildConfigurations = (
				C64C859C1F68300A00F9ED60 /* Debug */,
				C64C859D1F68300A00F9ED60 /* Release */,
			);
			defaultConfigurationIsVisible = 0;
			defaultConfigurationName = Release;
		};
		C64C85B61F68303B00F9ED60 /* Build configuration list for PBXNativeTarget "CIComponentKitDemo" */ = {
			isa = XCConfigurationList;
			buildConfigurations = (
				C64C85B71F68303B00F9ED60 /* Debug */,
				C64C85B81F68303B00F9ED60 /* Release */,
			);
			defaultConfigurationIsVisible = 0;
			defaultConfigurationName = Release;
		};
/* End XCConfigurationList section */
	};
	rootObject = C64C858A1F68300A00F9ED60 /* Project object */;
}
